
Microsoft Visual Studio Solution File, Format Version 12.00
# Visual Studio Version 17
VisualStudioVersion = 17.11.35327.3
MinimumVisualStudioVersion = 10.0.40219.1
Project("{9A19103F-16F7-4668-BE54-9A1E7A4F7556}") = "MultiBankOOPDesignPatternConsole", "MultiBankOOPDesignPatternConsole\MultiBankOOPDesignPatternConsole.csproj", "{19C18A2E-1AD6-467A-AED5-8CAD722461D7}"
EndProject
Project("{2150E333-8FDC-42A3-9474-1A3956D46DE8}") = "1-Presentation_Layer", "1-Presentation_Layer", "{AE55EA12-CB51-4851-AB98-5EA35612FBC1}"
EndProject
Project("{2150E333-8FDC-42A3-9474-1A3956D46DE8}") = "2-Library_Layer", "2-Library_Layer", "{A7CCF888-C9BD-45F9-A5C4-1C4D3B4F577F}"
EndProject
Project("{2150E333-8FDC-42A3-9474-1A3956D46DE8}") = "3-Domain_Layer", "3-Domain_Layer", "{27C4A64E-7AEC-42EC-8CCA-E672F9D3619D}"
EndProject
Project("{2150E333-8FDC-42A3-9474-1A3956D46DE8}") = "4-Infraestructure_Layer", "4-Infraestructure_Layer", "{5E8030DD-C7B1-4873-9183-79361D728A48}"
EndProject
Project("{9A19103F-16F7-4668-BE54-9A1E7A4F7556}") = "MultiBankOOP.Library.Contracts", "MultiBankOOP.Library.Contracts\MultiBankOOP.Library.Contracts.csproj", "{2081367F-2B69-41E5-BA22-A9D1C9511E5D}"
EndProject
Project("{9A19103F-16F7-4668-BE54-9A1E7A4F7556}") = "MultiBankOOP.Library.Impl", "MultiBankOOP.Library.Impl\MultiBankOOP.Library.Impl.csproj", "{3FB4297B-166D-4792-B450-8E1030FB0257}"
EndProject
Project("{9A19103F-16F7-4668-BE54-9A1E7A4F7556}") = "MultiBankOOP.Domain.Models", "MultiBankOOP.Domain.Models\MultiBankOOP.Domain.Models.csproj", "{981F1B34-A4E5-4C6F-9291-7E66E6F7210C}"
EndProject
Project("{9A19103F-16F7-4668-BE54-9A1E7A4F7556}") = "MultiBankOOP.Infraestructure.Contracts", "MultiBankOOP.Infraestructure.Contracts\MultiBankOOP.Infraestructure.Contracts.csproj", "{2B3B36A2-5061-4383-8CEC-C32D07974484}"
EndProject
Project("{9A19103F-16F7-4668-BE54-9A1E7A4F7556}") = "MultiBankOOP.Infraestructure.Impl", "MultiBankOOP.Infraestructure.Impl\MultiBankOOP.Infraestructure.Impl.csproj", "{EB7F2E14-A207-494F-AEBC-4DF229270612}"
EndProject
Project("{2150E333-8FDC-42A3-9474-1A3956D46DE8}") = "5-XCutting_Layer", "5-XCutting_Layer", "{943FC408-CFD4-4B38-A177-782AA69F02CC}"
EndProject
Project("{9A19103F-16F7-4668-BE54-9A1E7A4F7556}") = "MultiBankOOP.XCutting.Enums", "MultiBankOOP.XCutting.Entities\MultiBankOOP.XCutting.Enums.csproj", "{586D7E09-37A2-4A03-A858-FB15D11136F4}"
EndProject
Project("{2150E333-8FDC-42A3-9474-1A3956D46DE8}") = "6-Tests_Layer", "6-Tests_Layer", "{96AFA232-A50C-43E7-8967-21F95BC2B5FB}"
EndProject
Project("{FAE04EC0-301F-11D3-BF4B-00C04F79EFBC}") = "MultiBankOOP.Tests.UnitTests", "MultiBankOOP.Tests.UnitTests\MultiBankOOP.Tests.UnitTests.csproj", "{E3F3BE02-B9AA-409A-8A71-7F32E8825DF2}"
EndProject
Global
	GlobalSection(SolutionConfigurationPlatforms) = preSolution
		Debug|Any CPU = Debug|Any CPU
		Release|Any CPU = Release|Any CPU
	EndGlobalSection
	GlobalSection(ProjectConfigurationPlatforms) = postSolution
		{19C18A2E-1AD6-467A-AED5-8CAD722461D7}.Debug|Any CPU.ActiveCfg = Debug|Any CPU
		{19C18A2E-1AD6-467A-AED5-8CAD722461D7}.Debug|Any CPU.Build.0 = Debug|Any CPU
		{19C18A2E-1AD6-467A-AED5-8CAD722461D7}.Release|Any CPU.ActiveCfg = Release|Any CPU
		{19C18A2E-1AD6-467A-AED5-8CAD722461D7}.Release|Any CPU.Build.0 = Release|Any CPU
		{2081367F-2B69-41E5-BA22-A9D1C9511E5D}.Debug|Any CPU.ActiveCfg = Debug|Any CPU
		{2081367F-2B69-41E5-BA22-A9D1C9511E5D}.Debug|Any CPU.Build.0 = Debug|Any CPU
		{2081367F-2B69-41E5-BA22-A9D1C9511E5D}.Release|Any CPU.ActiveCfg = Release|Any CPU
		{2081367F-2B69-41E5-BA22-A9D1C9511E5D}.Release|Any CPU.Build.0 = Release|Any CPU
		{3FB4297B-166D-4792-B450-8E1030FB0257}.Debug|Any CPU.ActiveCfg = Debug|Any CPU
		{3FB4297B-166D-4792-B450-8E1030FB0257}.Debug|Any CPU.Build.0 = Debug|Any CPU
		{3FB4297B-166D-4792-B450-8E1030FB0257}.Release|Any CPU.ActiveCfg = Release|Any CPU
		{3FB4297B-166D-4792-B450-8E1030FB0257}.Release|Any CPU.Build.0 = Release|Any CPU
		{981F1B34-A4E5-4C6F-9291-7E66E6F7210C}.Debug|Any CPU.ActiveCfg = Debug|Any CPU
		{981F1B34-A4E5-4C6F-9291-7E66E6F7210C}.Debug|Any CPU.Build.0 = Debug|Any CPU
		{981F1B34-A4E5-4C6F-9291-7E66E6F7210C}.Release|Any CPU.ActiveCfg = Release|Any CPU
		{981F1B34-A4E5-4C6F-9291-7E66E6F7210C}.Release|Any CPU.Build.0 = Release|Any CPU
		{2B3B36A2-5061-4383-8CEC-C32D07974484}.Debug|Any CPU.ActiveCfg = Debug|Any CPU
		{2B3B36A2-5061-4383-8CEC-C32D07974484}.Debug|Any CPU.Build.0 = Debug|Any CPU
		{2B3B36A2-5061-4383-8CEC-C32D07974484}.Release|Any CPU.ActiveCfg = Release|Any CPU
		{2B3B36A2-5061-4383-8CEC-C32D07974484}.Release|Any CPU.Build.0 = Release|Any CPU
		{EB7F2E14-A207-494F-AEBC-4DF229270612}.Debug|Any CPU.ActiveCfg = Debug|Any CPU
		{EB7F2E14-A207-494F-AEBC-4DF229270612}.Debug|Any CPU.Build.0 = Debug|Any CPU
		{EB7F2E14-A207-494F-AEBC-4DF229270612}.Release|Any CPU.ActiveCfg = Release|Any CPU
		{EB7F2E14-A207-494F-AEBC-4DF229270612}.Release|Any CPU.Build.0 = Release|Any CPU
		{586D7E09-37A2-4A03-A858-FB15D11136F4}.Debug|Any CPU.ActiveCfg = Debug|Any CPU
		{586D7E09-37A2-4A03-A858-FB15D11136F4}.Debug|Any CPU.Build.0 = Debug|Any CPU
		{586D7E09-37A2-4A03-A858-FB15D11136F4}.Release|Any CPU.ActiveCfg = Release|Any CPU
		{586D7E09-37A2-4A03-A858-FB15D11136F4}.Release|Any CPU.Build.0 = Release|Any CPU
		{E3F3BE02-B9AA-409A-8A71-7F32E8825DF2}.Debug|Any CPU.ActiveCfg = Debug|Any CPU
		{E3F3BE02-B9AA-409A-8A71-7F32E8825DF2}.Debug|Any CPU.Build.0 = Debug|Any CPU
		{E3F3BE02-B9AA-409A-8A71-7F32E8825DF2}.Release|Any CPU.ActiveCfg = Release|Any CPU
		{E3F3BE02-B9AA-409A-8A71-7F32E8825DF2}.Release|Any CPU.Build.0 = Release|Any CPU
	EndGlobalSection
	GlobalSection(SolutionProperties) = preSolution
		HideSolutionNode = FALSE
	EndGlobalSection
	GlobalSection(NestedProjects) = preSolution
		{19C18A2E-1AD6-467A-AED5-8CAD722461D7} = {AE55EA12-CB51-4851-AB98-5EA35612FBC1}
		{2081367F-2B69-41E5-BA22-A9D1C9511E5D} = {A7CCF888-C9BD-45F9-A5C4-1C4D3B4F577F}
		{3FB4297B-166D-4792-B450-8E1030FB0257} = {A7CCF888-C9BD-45F9-A5C4-1C4D3B4F577F}
		{981F1B34-A4E5-4C6F-9291-7E66E6F7210C} = {27C4A64E-7AEC-42EC-8CCA-E672F9D3619D}
		{2B3B36A2-5061-4383-8CEC-C32D07974484} = {5E8030DD-C7B1-4873-9183-79361D728A48}
		{EB7F2E14-A207-494F-AEBC-4DF229270612} = {5E8030DD-C7B1-4873-9183-79361D728A48}
		{586D7E09-37A2-4A03-A858-FB15D11136F4} = {943FC408-CFD4-4B38-A177-782AA69F02CC}
		{E3F3BE02-B9AA-409A-8A71-7F32E8825DF2} = {96AFA232-A50C-43E7-8967-21F95BC2B5FB}
	EndGlobalSection
	GlobalSection(ExtensibilityGlobals) = postSolution
		SolutionGuid = {6A7CEB18-6C90-41B7-8710-8F2FA6DA82FA}
	EndGlobalSection
EndGlobal
