
Microsoft Visual Studio Solution File, Format Version 12.00
# Visual Studio Version 17
VisualStudioVersion = 17.11.35327.3
MinimumVisualStudioVersion = 10.0.40219.1
Project("{FAE04EC0-301F-11D3-BF4B-00C04F79EFBC}") = "WorkerManagmentAdminConsole", "WorkerManagmentAdminConsole\WorkerManagmentAdminConsole.csproj", "{D0FD866E-2E76-4A97-81A9-56BDC866EE9B}"
EndProject
Global
	GlobalSection(SolutionConfigurationPlatforms) = preSolution
		Debug|Any CPU = Debug|Any CPU
		Release|Any CPU = Release|Any CPU
	EndGlobalSection
	GlobalSection(ProjectConfigurationPlatforms) = postSolution
		{D0FD866E-2E76-4A97-81A9-56BDC866EE9B}.Debug|Any CPU.ActiveCfg = Debug|Any CPU
		{D0FD866E-2E76-4A97-81A9-56BDC866EE9B}.Debug|Any CPU.Build.0 = Debug|Any CPU
		{D0FD866E-2E76-4A97-81A9-56BDC866EE9B}.Release|Any CPU.ActiveCfg = Release|Any CPU
		{D0FD866E-2E76-4A97-81A9-56BDC866EE9B}.Release|Any CPU.Build.0 = Release|Any CPU
	EndGlobalSection
	GlobalSection(SolutionProperties) = preSolution
		HideSolutionNode = FALSE
	EndGlobalSection
	GlobalSection(ExtensibilityGlobals) = postSolution
		SolutionGuid = {D442E7FD-F761-451F-A9F5-8B536F5460E6}
	EndGlobalSection
EndGlobal
