
Microsoft Visual Studio Solution File, Format Version 12.00
# Visual Studio Version 17
VisualStudioVersion = 17.11.35327.3
MinimumVisualStudioVersion = 10.0.40219.1
Project("{9A19103F-16F7-4668-BE54-9A1E7A4F7556}") = "WorkerManagMultiDesignPattern", "WorkerManagMultiDesignPattern\WorkerManagMultiDesignPattern.csproj", "{E1F55950-7D46-495A-B63D-042E71947B8D}"
EndProject
Project("{9A19103F-16F7-4668-BE54-9A1E7A4F7556}") = "Classes", "Classes\Classes.csproj", "{3BDBD840-3FF3-4B20-99B1-314D815C3723}"
EndProject
Project("{2150E333-8FDC-42A3-9474-1A3956D46DE8}") = "1-Presentation_Layer", "1-Presentation_Layer", "{5EFD2C33-22C1-4F01-BC32-7F302A28D0C1}"
EndProject
Project("{2150E333-8FDC-42A3-9474-1A3956D46DE8}") = "2-Library_Layer", "2-Library_Layer", "{98402201-A797-40FC-AE07-758526F94036}"
EndProject
Project("{2150E333-8FDC-42A3-9474-1A3956D46DE8}") = "3-Domain_Layer", "3-Domain_Layer", "{AC9837C6-F5E7-47C5-9AAE-395C659FFCAD}"
EndProject
Project("{2150E333-8FDC-42A3-9474-1A3956D46DE8}") = "4-Infraestructure_Layer", "4-Infraestructure_Layer", "{792A0B6C-14E5-4148-BDDA-781820BF2E92}"
EndProject
Global
	GlobalSection(SolutionConfigurationPlatforms) = preSolution
		Debug|Any CPU = Debug|Any CPU
		Release|Any CPU = Release|Any CPU
	EndGlobalSection
	GlobalSection(ProjectConfigurationPlatforms) = postSolution
		{E1F55950-7D46-495A-B63D-042E71947B8D}.Debug|Any CPU.ActiveCfg = Debug|Any CPU
		{E1F55950-7D46-495A-B63D-042E71947B8D}.Debug|Any CPU.Build.0 = Debug|Any CPU
		{E1F55950-7D46-495A-B63D-042E71947B8D}.Release|Any CPU.ActiveCfg = Release|Any CPU
		{E1F55950-7D46-495A-B63D-042E71947B8D}.Release|Any CPU.Build.0 = Release|Any CPU
		{3BDBD840-3FF3-4B20-99B1-314D815C3723}.Debug|Any CPU.ActiveCfg = Debug|Any CPU
		{3BDBD840-3FF3-4B20-99B1-314D815C3723}.Debug|Any CPU.Build.0 = Debug|Any CPU
		{3BDBD840-3FF3-4B20-99B1-314D815C3723}.Release|Any CPU.ActiveCfg = Release|Any CPU
		{3BDBD840-3FF3-4B20-99B1-314D815C3723}.Release|Any CPU.Build.0 = Release|Any CPU
	EndGlobalSection
	GlobalSection(SolutionProperties) = preSolution
		HideSolutionNode = FALSE
	EndGlobalSection
	GlobalSection(NestedProjects) = preSolution
		{E1F55950-7D46-495A-B63D-042E71947B8D} = {5EFD2C33-22C1-4F01-BC32-7F302A28D0C1}
	EndGlobalSection
	GlobalSection(ExtensibilityGlobals) = postSolution
		SolutionGuid = {9C54BBFA-DCBD-413F-BD98-696A9994D9DC}
	EndGlobalSection
EndGlobal
